// !$*UTF8*$!
{
	archiveVersion = 1;
	classes = {
	};
	objectVersion = 50;
	objects = {

/* Begin PBXBuildFile section */
		FAEDA7942429F1B6005FAAA9 /* AppDelegate.m in Sources */ = {isa = PBXBuildFile; fileRef = FAEDA7932429F1B6005FAAA9 /* AppDelegate.m */; };
		FAEDA7972429F1B6005FAAA9 /* SceneDelegate.m in Sources */ = {isa = PBXBuildFile; fileRef = FAEDA7962429F1B6005FAAA9 /* SceneDelegate.m */; };
		FAEDA79A2429F1B6005FAAA9 /* ViewController.m in Sources */ = {isa = PBXBuildFile; fileRef = FAEDA7992429F1B6005FAAA9 /* ViewController.m */; };
		FAEDA79D2429F1B6005FAAA9 /* Main.storyboard in Resources */ = {isa = PBXBuildFile; fileRef = FAEDA79B2429F1B6005FAAA9 /* Main.storyboard */; };
		FAEDA7A02429F1B6005FAAA9 /* testgps.xcdatamodeld in Sources */ = {isa = PBXBuildFile; fileRef = FAEDA79E2429F1B6005FAAA9 /* testgps.xcdatamodeld */; };
		FAEDA7A22429F1B9005FAAA9 /* Assets.xcassets in Resources */ = {isa = PBXBuildFile; fileRef = FAEDA7A12429F1B9005FAAA9 /* Assets.xcassets */; };
		FAEDA7A52429F1B9005FAAA9 /* LaunchScreen.storyboard in Resources */ = {isa = PBXBuildFile; fileRef = FAEDA7A32429F1B9005FAAA9 /* LaunchScreen.storyboard */; };
		FAEDA7A82429F1B9005FAAA9 /* main.m in Sources */ = {isa = PBXBuildFile; fileRef = FAEDA7A72429F1B9005FAAA9 /* main.m */; };
		FAEDA7B22429F1B9005FAAA9 /* testgpsTests.m in Sources */ = {isa = PBXBuildFile; fileRef = FAEDA7B12429F1B9005FAAA9 /* testgpsTests.m */; };
		FAEDA7BD2429F1B9005FAAA9 /* testgpsUITests.m in Sources */ = {isa = PBXBuildFile; fileRef = FAEDA7BC2429F1B9005FAAA9 /* testgpsUITests.m */; };
/* End PBXBuildFile section */

/* Begin PBXContainerItemProxy section */
		FAEDA7AE2429F1B9005FAAA9 /* PBXContainerItemProxy */ = {
			isa = PBXContainerItemProxy;
			containerPortal = FAEDA7872429F1B6005FAAA9 /* Project object */;
			proxyType = 1;
			remoteGlobalIDString = FAEDA78E2429F1B6005FAAA9;
			remoteInfo = testgps;
		};
		FAEDA7B92429F1B9005FAAA9 /* PBXContainerItemProxy */ = {
			isa = PBXContainerItemProxy;
			containerPortal = FAEDA7872429F1B6005FAAA9 /* Project object */;
			proxyType = 1;
			remoteGlobalIDString = FAEDA78E2429F1B6005FAAA9;
			remoteInfo = testgps;
		};
/* End PBXContainerItemProxy section */

/* Begin PBXFileReference section */
		FA1375E9242B86650043485C /* 上海.gpx */ = {isa = PBXFileReference; lastKnownFileType = text.xml; path = "上海.gpx"; sourceTree = "<group>"; };
		FAEDA78F2429F1B6005FAAA9 /* testgps.app */ = {isa = PBXFileReference; explicitFileType = wrapper.application; includeInIndex = 0; path = testgps.app; sourceTree = BUILT_PRODUCTS_DIR; };
		FAEDA7922429F1B6005FAAA9 /* AppDelegate.h */ = {isa = PBXFileReference; lastKnownFileType = sourcecode.c.h; path = AppDelegate.h; sourceTree = "<group>"; };
		FAEDA7932429F1B6005FAAA9 /* AppDelegate.m */ = {isa = PBXFileReference; lastKnownFileType = sourcecode.c.objc; path = AppDelegate.m; sourceTree = "<group>"; };
		FAEDA7952429F1B6005FAAA9 /* SceneDelegate.h */ = {isa = PBXFileReference; lastKnownFileType = sourcecode.c.h; path = SceneDelegate.h; sourceTree = "<group>"; };
		FAEDA7962429F1B6005FAAA9 /* SceneDelegate.m */ = {isa = PBXFileReference; lastKnownFileType = sourcecode.c.objc; path = SceneDelegate.m; sourceTree = "<group>"; };
		FAEDA7982429F1B6005FAAA9 /* ViewController.h */ = {isa = PBXFileReference; lastKnownFileType = sourcecode.c.h; path = ViewController.h; sourceTree = "<group>"; };
		FAEDA7992429F1B6005FAAA9 /* ViewController.m */ = {isa = PBXFileReference; lastKnownFileType = sourcecode.c.objc; path = ViewController.m; sourceTree = "<group>"; };
		FAEDA79C2429F1B6005FAAA9 /* Base */ = {isa = PBXFileReference; lastKnownFileType = file.storyboard; name = Base; path = Base.lproj/Main.storyboard; sourceTree = "<group>"; };
		FAEDA79F2429F1B6005FAAA9 /* testgps.xcdatamodel */ = {isa = PBXFileReference; lastKnownFileType = wrapper.xcdatamodel; path = testgps.xcdatamodel; sourceTree = "<group>"; };
		FAEDA7A12429F1B9005FAAA9 /* Assets.xcassets */ = {isa = PBXFileReference; lastKnownFileType = folder.assetcatalog; path = Assets.xcassets; sourceTree = "<group>"; };
		FAEDA7A42429F1B9005FAAA9 /* Base */ = {isa = PBXFileReference; lastKnownFileType = file.storyboard; name = Base; path = Base.lproj/LaunchScreen.storyboard; sourceTree = "<group>"; };
		FAEDA7A62429F1B9005FAAA9 /* Info.plist */ = {isa = PBXFileReference; lastKnownFileType = text.plist.xml; path = Info.plist; sourceTree = "<group>"; };
		FAEDA7A72429F1B9005FAAA9 /* main.m */ = {isa = PBXFileReference; lastKnownFileType = sourcecode.c.objc; path = main.m; sourceTree = "<group>"; };
		FAEDA7AD2429F1B9005FAAA9 /* testgpsTests.xctest */ = {isa = PBXFileReference; explicitFileType = wrapper.cfbundle; includeInIndex = 0; path = testgpsTests.xctest; sourceTree = BUILT_PRODUCTS_DIR; };
		FAEDA7B12429F1B9005FAAA9 /* testgpsTests.m */ = {isa = PBXFileReference; lastKnownFileType = sourcecode.c.objc; path = testgpsTests.m; sourceTree = "<group>"; };
		FAEDA7B32429F1B9005FAAA9 /* Info.plist */ = {isa = PBXFileReference; lastKnownFileType = text.plist.xml; path = Info.plist; sourceTree = "<group>"; };
		FAEDA7B82429F1B9005FAAA9 /* testgpsUITests.xctest */ = {isa = PBXFileReference; explicitFileType = wrapper.cfbundle; includeInIndex = 0; path = testgpsUITests.xctest; sourceTree = BUILT_PRODUCTS_DIR; };
		FAEDA7BC2429F1B9005FAAA9 /* testgpsUITests.m */ = {isa = PBXFileReference; lastKnownFileType = sourcecode.c.objc; path = testgpsUITests.m; sourceTree = "<group>"; };
		FAEDA7BE2429F1B9005FAAA9 /* Info.plist */ = {isa = PBXFileReference; lastKnownFileType = text.plist.xml; path = Info.plist; sourceTree = "<group>"; };
/* End PBXFileReference section */

/* Begin PBXFrameworksBuildPhase section */
		FAEDA78C2429F1B6005FAAA9 /* Frameworks */ = {
			isa = PBXFrameworksBuildPhase;
			buildActionMask = 2147483647;
			files = (
			);
			runOnlyForDeploymentPostprocessing = 0;
		};
		FAEDA7AA2429F1B9005FAAA9 /* Frameworks */ = {
			isa = PBXFrameworksBuildPhase;
			buildActionMask = 2147483647;
			files = (
			);
			runOnlyForDeploymentPostprocessing = 0;
		};
		FAEDA7B52429F1B9005FAAA9 /* Frameworks */ = {
			isa = PBXFrameworksBuildPhase;
			buildActionMask = 2147483647;
			files = (
			);
			runOnlyForDeploymentPostprocessing = 0;
		};
/* End PBXFrameworksBuildPhase section */

/* Begin PBXGroup section */
		FAEDA7862429F1B6005FAAA9 = {
			isa = PBXGroup;
			children = (
				FA1375E9242B86650043485C /* 上海.gpx */,
				FAEDA7912429F1B6005FAAA9 /* testgps */,
				FAEDA7B02429F1B9005FAAA9 /* testgpsTests */,
				FAEDA7BB2429F1B9005FAAA9 /* testgpsUITests */,
				FAEDA7902429F1B6005FAAA9 /* Products */,
			);
			sourceTree = "<group>";
		};
		FAEDA7902429F1B6005FAAA9 /* Products */ = {
			isa = PBXGroup;
			children = (
				FAEDA78F2429F1B6005FAAA9 /* testgps.app */,
				FAEDA7AD2429F1B9005FAAA9 /* testgpsTests.xctest */,
				FAEDA7B82429F1B9005FAAA9 /* testgpsUITests.xctest */,
			);
			name = Products;
			sourceTree = "<group>";
		};
		FAEDA7912429F1B6005FAAA9 /* testgps */ = {
			isa = PBXGroup;
			children = (
				FAEDA7922429F1B6005FAAA9 /* AppDelegate.h */,
				FAEDA7932429F1B6005FAAA9 /* AppDelegate.m */,
				FAEDA7952429F1B6005FAAA9 /* SceneDelegate.h */,
				FAEDA7962429F1B6005FAAA9 /* SceneDelegate.m */,
				FAEDA7982429F1B6005FAAA9 /* ViewController.h */,
				FAEDA7992429F1B6005FAAA9 /* ViewController.m */,
				FAEDA79B2429F1B6005FAAA9 /* Main.storyboard */,
				FAEDA7A12429F1B9005FAAA9 /* Assets.xcassets */,
				FAEDA7A32429F1B9005FAAA9 /* LaunchScreen.storyboard */,
				FAEDA7A62429F1B9005FAAA9 /* Info.plist */,
				FAEDA7A72429F1B9005FAAA9 /* main.m */,
				FAEDA79E2429F1B6005FAAA9 /* testgps.xcdatamodeld */,
			);
			path = testgps;
			sourceTree = "<group>";
		};
		FAEDA7B02429F1B9005FAAA9 /* testgpsTests */ = {
			isa = PBXGroup;
			children = (
				FAEDA7B12429F1B9005FAAA9 /* testgpsTests.m */,
				FAEDA7B32429F1B9005FAAA9 /* Info.plist */,
			);
			path = testgpsTests;
			sourceTree = "<group>";
		};
		FAEDA7BB2429F1B9005FAAA9 /* testgpsUITests */ = {
			isa = PBXGroup;
			children = (
				FAEDA7BC2429F1B9005FAAA9 /* testgpsUITests.m */,
				FAEDA7BE2429F1B9005FAAA9 /* Info.plist */,
			);
			path = testgpsUITests;
			sourceTree = "<group>";
		};
/* End PBXGroup section */

/* Begin PBXNativeTarget section */
		FAEDA78E2429F1B6005FAAA9 /* testgps */ = {
			isa = PBXNativeTarget;
			buildConfigurationList = FAEDA7C12429F1B9005FAAA9 /* Build configuration list for PBXNativeTarget "testgps" */;
			buildPhases = (
				FAEDA78B2429F1B6005FAAA9 /* Sources */,
				FAEDA78C2429F1B6005FAAA9 /* Frameworks */,
				FAEDA78D2429F1B6005FAAA9 /* Resources */,
			);
			buildRules = (
			);
			dependencies = (
			);
			name = testgps;
			productName = testgps;
			productReference = FAEDA78F2429F1B6005FAAA9 /* testgps.app */;
			productType = "com.apple.product-type.application";
		};
		FAEDA7AC2429F1B9005FAAA9 /* testgpsTests */ = {
			isa = PBXNativeTarget;
			buildConfigurationList = FAEDA7C42429F1B9005FAAA9 /* Build configuration list for PBXNativeTarget "testgpsTests" */;
			buildPhases = (
				FAEDA7A92429F1B9005FAAA9 /* Sources */,
				FAEDA7AA2429F1B9005FAAA9 /* Frameworks */,
				FAEDA7AB2429F1B9005FAAA9 /* Resources */,
			);
			buildRules = (
			);
			dependencies = (
				FAEDA7AF2429F1B9005FAAA9 /* PBXTargetDependency */,
			);
			name = testgpsTests;
			productName = testgpsTests;
			productReference = FAEDA7AD2429F1B9005FAAA9 /* testgpsTests.xctest */;
			productType = "com.apple.product-type.bundle.unit-test";
		};
		FAEDA7B72429F1B9005FAAA9 /* testgpsUITests */ = {
			isa = PBXNativeTarget;
			buildConfigurationList = FAEDA7C72429F1B9005FAAA9 /* Build configuration list for PBXNativeTarget "testgpsUITests" */;
			buildPhases = (
				FAEDA7B42429F1B9005FAAA9 /* Sources */,
				FAEDA7B52429F1B9005FAAA9 /* Frameworks */,
				FAEDA7B62429F1B9005FAAA9 /* Resources */,
			);
			buildRules = (
			);
			dependencies = (
				FAEDA7BA2429F1B9005FAAA9 /* PBXTargetDependency */,
			);
			name = testgpsUITests;
			productName = testgpsUITests;
			productReference = FAEDA7B82429F1B9005FAAA9 /* testgpsUITests.xctest */;
			productType = "com.apple.product-type.bundle.ui-testing";
		};
/* End PBXNativeTarget section */

/* Begin PBXProject section */
		FAEDA7872429F1B6005FAAA9 /* Project object */ = {
			isa = PBXProject;
			attributes = {
				LastUpgradeCheck = 1130;
				ORGANIZATIONNAME = PerterPon;
				TargetAttributes = {
					FAEDA78E2429F1B6005FAAA9 = {
						CreatedOnToolsVersion = 11.3.1;
					};
					FAEDA7AC2429F1B9005FAAA9 = {
						CreatedOnToolsVersion = 11.3.1;
						TestTargetID = FAEDA78E2429F1B6005FAAA9;
					};
					FAEDA7B72429F1B9005FAAA9 = {
						CreatedOnToolsVersion = 11.3.1;
						TestTargetID = FAEDA78E2429F1B6005FAAA9;
					};
				};
			};
			buildConfigurationList = FAEDA78A2429F1B6005FAAA9 /* Build configuration list for PBXProject "testgps" */;
			compatibilityVersion = "Xcode 9.3";
			developmentRegion = en;
			hasScannedForEncodings = 0;
			knownRegions = (
				en,
				Base,
			);
			mainGroup = FAEDA7862429F1B6005FAAA9;
			productRefGroup = FAEDA7902429F1B6005FAAA9 /* Products */;
			projectDirPath = "";
			projectRoot = "";
			targets = (
				FAEDA78E2429F1B6005FAAA9 /* testgps */,
				FAEDA7AC2429F1B9005FAAA9 /* testgpsTests */,
				FAEDA7B72429F1B9005FAAA9 /* testgpsUITests */,
			);
		};
/* End PBXProject section */

/* Begin PBXResourcesBuildPhase section */
		FAEDA78D2429F1B6005FAAA9 /* Resources */ = {
			isa = PBXResourcesBuildPhase;
			buildActionMask = 2147483647;
			files = (
				FAEDA7A52429F1B9005FAAA9 /* LaunchScreen.storyboard in Resources */,
				FAEDA7A22429F1B9005FAAA9 /* Assets.xcassets in Resources */,
				FAEDA79D2429F1B6005FAAA9 /* Main.storyboard in Resources */,
			);
			runOnlyForDeploymentPostprocessing = 0;
		};
		FAEDA7AB2429F1B9005FAAA9 /* Resources */ = {
			isa = PBXResourcesBuildPhase;
			buildActionMask = 2147483647;
			files = (
			);
			runOnlyForDeploymentPostprocessing = 0;
		};
		FAEDA7B62429F1B9005FAAA9 /* Resources */ = {
			isa = PBXResourcesBuildPhase;
			buildActionMask = 2147483647;
			files = (
			);
			runOnlyForDeploymentPostprocessing = 0;
		};
/* End PBXResourcesBuildPhase section */

/* Begin PBXSourcesBuildPhase section */
		FAEDA78B2429F1B6005FAAA9 /* Sources */ = {
			isa = PBXSourcesBuildPhase;
			buildActionMask = 2147483647;
			files = (
				FAEDA7A82429F1B9005FAAA9 /* main.m in Sources */,
				FAEDA79A2429F1B6005FAAA9 /* ViewController.m in Sources */,
				FAEDA7942429F1B6005FAAA9 /* AppDelegate.m in Sources */,
				FAEDA7A02429F1B6005FAAA9 /* testgps.xcdatamodeld in Sources */,
				FAEDA7972429F1B6005FAAA9 /* SceneDelegate.m in Sources */,
			);
			runOnlyForDeploymentPostprocessing = 0;
		};
		FAEDA7A92429F1B9005FAAA9 /* Sources */ = {
			isa = PBXSourcesBuildPhase;
			buildActionMask = 2147483647;
			files = (
				FAEDA7B22429F1B9005FAAA9 /* testgpsTests.m in Sources */,
			);
			runOnlyForDeploymentPostprocessing = 0;
		};
		FAEDA7B42429F1B9005FAAA9 /* Sources */ = {
			isa = PBXSourcesBuildPhase;
			buildActionMask = 2147483647;
			files = (
				FAEDA7BD2429F1B9005FAAA9 /* testgpsUITests.m in Sources */,
			);
			runOnlyForDeploymentPostprocessing = 0;
		};
/* End PBXSourcesBuildPhase section */

/* Begin PBXTargetDependency section */
		FAEDA7AF2429F1B9005FAAA9 /* PBXTargetDependency */ = {
			isa = PBXTargetDependency;
			target = FAEDA78E2429F1B6005FAAA9 /* testgps */;
			targetProxy = FAEDA7AE2429F1B9005FAAA9 /* PBXContainerItemProxy */;
		};
		FAEDA7BA2429F1B9005FAAA9 /* PBXTargetDependency */ = {
			isa = PBXTargetDependency;
			target = FAEDA78E2429F1B6005FAAA9 /* testgps */;
			targetProxy = FAEDA7B92429F1B9005FAAA9 /* PBXContainerItemProxy */;
		};
/* End PBXTargetDependency section */

/* Begin PBXVariantGroup section */
		FAEDA79B2429F1B6005FAAA9 /* Main.storyboard */ = {
			isa = PBXVariantGroup;
			children = (
				FAEDA79C2429F1B6005FAAA9 /* Base */,
			);
			name = Main.storyboard;
			sourceTree = "<group>";
		};
		FAEDA7A32429F1B9005FAAA9 /* LaunchScreen.storyboard */ = {
			isa = PBXVariantGroup;
			children = (
				FAEDA7A42429F1B9005FAAA9 /* Base */,
			);
			name = LaunchScreen.storyboard;
			sourceTree = "<group>";
		};
/* End PBXVariantGroup section */

/* Begin XCBuildConfiguration section */
		FAEDA7BF2429F1B9005FAAA9 /* Debug */ = {
			isa = XCBuildConfiguration;
			buildSettings = {
				ALWAYS_SEARCH_USER_PATHS = NO;
				CLANG_ANALYZER_NONNULL = YES;
				CLANG_ANALYZER_NUMBER_OBJECT_CONVERSION = YES_AGGRESSIVE;
				CLANG_CXX_LANGUAGE_STANDARD = "gnu++14";
				CLANG_CXX_LIBRARY = "libc++";
				CLANG_ENABLE_MODULES = YES;
				CLANG_ENABLE_OBJC_ARC = YES;
				CLANG_ENABLE_OBJC_WEAK = YES;
				CLANG_WARN_BLOCK_CAPTURE_AUTORELEASING = YES;
				CLANG_WARN_BOOL_CONVERSION = YES;
				CLANG_WARN_COMMA = YES;
				CLANG_WARN_CONSTANT_CONVERSION = YES;
				CLANG_WARN_DEPRECATED_OBJC_IMPLEMENTATIONS = YES;
				CLANG_WARN_DIRECT_OBJC_ISA_USAGE = YES_ERROR;
				CLANG_WARN_DOCUMENTATION_COMMENTS = YES;
				CLANG_WARN_EMPTY_BODY = YES;
				CLANG_WARN_ENUM_CONVERSION = YES;
				CLANG_WARN_INFINITE_RECURSION = YES;
				CLANG_WARN_INT_CONVERSION = YES;
				CLANG_WARN_NON_LITERAL_NULL_CONVERSION = YES;
				CLANG_WARN_OBJC_IMPLICIT_RETAIN_SELF = YES;
				CLANG_WARN_OBJC_LITERAL_CONVERSION = YES;
				CLANG_WARN_OBJC_ROOT_CLASS = YES_ERROR;
				CLANG_WARN_RANGE_LOOP_ANALYSIS = YES;
				CLANG_WARN_STRICT_PROTOTYPES = YES;
				CLANG_WARN_SUSPICIOUS_MOVE = YES;
				CLANG_WARN_UNGUARDED_AVAILABILITY = YES_AGGRESSIVE;
				CLANG_WARN_UNREACHABLE_CODE = YES;
				CLANG_WARN__DUPLICATE_METHOD_MATCH = YES;
				COPY_PHASE_STRIP = NO;
				DEBUG_INFORMATION_FORMAT = dwarf;
				ENABLE_STRICT_OBJC_MSGSEND = YES;
				ENABLE_TESTABILITY = YES;
				GCC_C_LANGUAGE_STANDARD = gnu11;
				GCC_DYNAMIC_NO_PIC = NO;
				GCC_NO_COMMON_BLOCKS = YES;
				GCC_OPTIMIZATION_LEVEL = 0;
				GCC_PREPROCESSOR_DEFINITIONS = (
					"DEBUG=1",
					"$(inherited)",
				);
				GCC_WARN_64_TO_32_BIT_CONVERSION = YES;
				GCC_WARN_ABOUT_RETURN_TYPE = YES_ERROR;
				GCC_WARN_UNDECLARED_SELECTOR = YES;
				GCC_WARN_UNINITIALIZED_AUTOS = YES_AGGRESSIVE;
				GCC_WARN_UNUSED_FUNCTION = YES;
				GCC_WARN_UNUSED_VARIABLE = YES;
				IPHONEOS_DEPLOYMENT_TARGET = 13.2;
				MTL_ENABLE_DEBUG_INFO = INCLUDE_SOURCE;
				MTL_FAST_MATH = YES;
				ONLY_ACTIVE_ARCH = YES;
				SDKROOT = iphoneos;
			};
			name = Debug;
		};
		FAEDA7C02429F1B9005FAAA9 /* Release */ = {
			isa = XCBuildConfiguration;
			buildSettings = {
				ALWAYS_SEARCH_USER_PATHS = NO;
				CLANG_ANALYZER_NONNULL = YES;
				CLANG_ANALYZER_NUMBER_OBJECT_CONVERSION = YES_AGGRESSIVE;
				CLANG_CXX_LANGUAGE_STANDARD = "gnu++14";
				CLANG_CXX_LIBRARY = "libc++";
				CLANG_ENABLE_MODULES = YES;
				CLANG_ENABLE_OBJC_ARC = YES;
				CLANG_ENABLE_OBJC_WEAK = YES;
				CLANG_WARN_BLOCK_CAPTURE_AUTORELEASING = YES;
				CLANG_WARN_BOOL_CONVERSION = YES;
				CLANG_WARN_COMMA = YES;
				CLANG_WARN_CONSTANT_CONVERSION = YES;
				CLANG_WARN_DEPRECATED_OBJC_IMPLEMENTATIONS = YES;
				CLANG_WARN_DIRECT_OBJC_ISA_USAGE = YES_ERROR;
				CLANG_WARN_DOCUMENTATION_COMMENTS = YES;
				CLANG_WARN_EMPTY_BODY = YES;
				CLANG_WARN_ENUM_CONVERSION = YES;
				CLANG_WARN_INFINITE_RECURSION = YES;
				CLANG_WARN_INT_CONVERSION = YES;
				CLANG_WARN_NON_LITERAL_NULL_CONVERSION = YES;
				CLANG_WARN_OBJC_IMPLICIT_RETAIN_SELF = YES;
				CLANG_WARN_OBJC_LITERAL_CONVERSION = YES;
				CLANG_WARN_OBJC_ROOT_CLASS = YES_ERROR;
				CLANG_WARN_RANGE_LOOP_ANALYSIS = YES;
				CLANG_WARN_STRICT_PROTOTYPES = YES;
				CLANG_WARN_SUSPICIOUS_MOVE = YES;
				CLANG_WARN_UNGUARDED_AVAILABILITY = YES_AGGRESSIVE;
				CLANG_WARN_UNREACHABLE_CODE = YES;
				CLANG_WARN__DUPLICATE_METHOD_MATCH = YES;
				COPY_PHASE_STRIP = NO;
				DEBUG_INFORMATION_FORMAT = "dwarf-with-dsym";
				ENABLE_NS_ASSERTIONS = NO;
				ENABLE_STRICT_OBJC_MSGSEND = YES;
				GCC_C_LANGUAGE_STANDARD = gnu11;
				GCC_NO_COMMON_BLOCKS = YES;
				GCC_WARN_64_TO_32_BIT_CONVERSION = YES;
				GCC_WARN_ABOUT_RETURN_TYPE = YES_ERROR;
				GCC_WARN_UNDECLARED_SELECTOR = YES;
				GCC_WARN_UNINITIALIZED_AUTOS = YES_AGGRESSIVE;
				GCC_WARN_UNUSED_FUNCTION = YES;
				GCC_WARN_UNUSED_VARIABLE = YES;
				IPHONEOS_DEPLOYMENT_TARGET = 13.2;
				MTL_ENABLE_DEBUG_INFO = NO;
				MTL_FAST_MATH = YES;
				SDKROOT = iphoneos;
				VALIDATE_PRODUCT = YES;
			};
			name = Release;
		};
		FAEDA7C22429F1B9005FAAA9 /* Debug */ = {
			isa = XCBuildConfiguration;
			buildSettings = {
				ASSETCATALOG_COMPILER_APPICON_NAME = AppIcon;
				CODE_SIGN_STYLE = Automatic;
				DEVELOPMENT_TEAM = U4Z84HVNX6;
				INFOPLIST_FILE = testgps/Info.plist;
				LD_RUNPATH_SEARCH_PATHS = (
					"$(inherited)",
					"@executable_path/Frameworks",
				);
				PRODUCT_BUNDLE_IDENTIFIER = Pon.testgps;
				PRODUCT_NAME = "$(TARGET_NAME)";
				TARGETED_DEVICE_FAMILY = "1,2";
			};
			name = Debug;
		};
		FAEDA7C32429F1B9005FAAA9 /* Release */ = {
			isa = XCBuildConfiguration;
			buildSettings = {
				ASSETCATALOG_COMPILER_APPICON_NAME = AppIcon;
				CODE_SIGN_STYLE = Automatic;
				DEVELOPMENT_TEAM = U4Z84HVNX6;
				INFOPLIST_FILE = testgps/Info.plist;
				LD_RUNPATH_SEARCH_PATHS = (
					"$(inherited)",
					"@executable_path/Frameworks",
				);
				PRODUCT_BUNDLE_IDENTIFIER = Pon.testgps;
				PRODUCT_NAME = "$(TARGET_NAME)";
				TARGETED_DEVICE_FAMILY = "1,2";
			};
			name = Release;
		};
		FAEDA7C52429F1B9005FAAA9 /* Debug */ = {
			isa = XCBuildConfiguration;
			buildSettings = {
				BUNDLE_LOADER = "$(TEST_HOST)";
				CODE_SIGN_STYLE = Automatic;
				DEVELOPMENT_TEAM = U4Z84HVNX6;
				INFOPLIST_FILE = testgpsTests/Info.plist;
				IPHONEOS_DEPLOYMENT_TARGET = 13.2;
				LD_RUNPATH_SEARCH_PATHS = (
					"$(inherited)",
					"@executable_path/Frameworks",
					"@loader_path/Frameworks",
				);
				PRODUCT_BUNDLE_IDENTIFIER = Pon.testgpsTests;
				PRODUCT_NAME = "$(TARGET_NAME)";
				TARGETED_DEVICE_FAMILY = "1,2";
				TEST_HOST = "$(BUILT_PRODUCTS_DIR)/testgps.app/testgps";
			};
			name = Debug;
		};
		FAEDA7C62429F1B9005FAAA9 /* Release */ = {
			isa = XCBuildConfiguration;
			buildSettings = {
				BUNDLE_LOADER = "$(TEST_HOST)";
				CODE_SIGN_STYLE = Automatic;
				DEVELOPMENT_TEAM = U4Z84HVNX6;
				INFOPLIST_FILE = testgpsTests/Info.plist;
				IPHONEOS_DEPLOYMENT_TARGET = 13.2;
				LD_RUNPATH_SEARCH_PATHS = (
					"$(inherited)",
					"@executable_path/Frameworks",
					"@loader_path/Frameworks",
				);
				PRODUCT_BUNDLE_IDENTIFIER = Pon.testgpsTests;
				PRODUCT_NAME = "$(TARGET_NAME)";
				TARGETED_DEVICE_FAMILY = "1,2";
				TEST_HOST = "$(BUILT_PRODUCTS_DIR)/testgps.app/testgps";
			};
			name = Release;
		};
		FAEDA7C82429F1B9005FAAA9 /* Debug */ = {
			isa = XCBuildConfiguration;
			buildSettings = {
				CODE_SIGN_STYLE = Automatic;
				DEVELOPMENT_TEAM = U4Z84HVNX6;
				INFOPLIST_FILE = testgpsUITests/Info.plist;
				LD_RUNPATH_SEARCH_PATHS = (
					"$(inherited)",
					"@executable_path/Frameworks",
					"@loader_path/Frameworks",
				);
				PRODUCT_BUNDLE_IDENTIFIER = Pon.testgpsUITests;
				PRODUCT_NAME = "$(TARGET_NAME)";
				TARGETED_DEVICE_FAMILY = "1,2";
				TEST_TARGET_NAME = testgps;
			};
			name = Debug;
		};
		FAEDA7C92429F1B9005FAAA9 /* Release */ = {
			isa = XCBuildConfiguration;
			buildSettings = {
				CODE_SIGN_STYLE = Automatic;
				DEVELOPMENT_TEAM = U4Z84HVNX6;
				INFOPLIST_FILE = testgpsUITests/Info.plist;
				LD_RUNPATH_SEARCH_PATHS = (
					"$(inherited)",
					"@executable_path/Frameworks",
					"@loader_path/Frameworks",
				);
				PRODUCT_BUNDLE_IDENTIFIER = Pon.testgpsUITests;
				PRODUCT_NAME = "$(TARGET_NAME)";
				TARGETED_DEVICE_FAMILY = "1,2";
				TEST_TARGET_NAME = testgps;
			};
			name = Release;
		};
/* End XCBuildConfiguration section */

/* Begin XCConfigurationList section */
		FAEDA78A2429F1B6005FAAA9 /* Build configuration list for PBXProject "testgps" */ = {
			isa = XCConfigurationList;
			buildConfigurations = (
				FAEDA7BF2429F1B9005FAAA9 /* Debug */,
				FAEDA7C02429F1B9005FAAA9 /* Release */,
			);
			defaultConfigurationIsVisible = 0;
			defaultConfigurationName = Release;
		};
		FAEDA7C12429F1B9005FAAA9 /* Build configuration list for PBXNativeTarget "testgps" */ = {
			isa = XCConfigurationList;
			buildConfigurations = (
				FAEDA7C22429F1B9005FAAA9 /* Debug */,
				FAEDA7C32429F1B9005FAAA9 /* Release */,
			);
			defaultConfigurationIsVisible = 0;
			defaultConfigurationName = Release;
		};
		FAEDA7C42429F1B9005FAAA9 /* Build configuration list for PBXNativeTarget "testgpsTests" */ = {
			isa = XCConfigurationList;
			buildConfigurations = (
				FAEDA7C52429F1B9005FAAA9 /* Debug */,
				FAEDA7C62429F1B9005FAAA9 /* Release */,
			);
			defaultConfigurationIsVisible = 0;
			defaultConfigurationName = Release;
		};
		FAEDA7C72429F1B9005FAAA9 /* Build configuration list for PBXNativeTarget "testgpsUITests" */ = {
			isa = XCConfigurationList;
			buildConfigurations = (
				FAEDA7C82429F1B9005FAAA9 /* Debug */,
				FAEDA7C92429F1B9005FAAA9 /* Release */,
			);
			defaultConfigurationIsVisible = 0;
			defaultConfigurationName = Release;
		};
/* End XCConfigurationList section */

/* Begin XCVersionGroup section */
		FAEDA79E2429F1B6005FAAA9 /* testgps.xcdatamodeld */ = {
			isa = XCVersionGroup;
			children = (
				FAEDA79F2429F1B6005FAAA9 /* testgps.xcdatamodel */,
			);
			currentVersion = FAEDA79F2429F1B6005FAAA9 /* testgps.xcdatamodel */;
			path = testgps.xcdatamodeld;
			sourceTree = "<group>";
			versionGroupType = wrapper.xcdatamodel;
		};
/* End XCVersionGroup section */
	};
	rootObject = FAEDA7872429F1B6005FAAA9 /* Project object */;
}
